Microsoft Visual Studio Solution File, Format Version 11.00
# Visual Studio 2008

Project("{E06D9046-FAB1-14F4-C51C-BE0D3D006672}") = "ProcGeom", "Assembly-CSharp-firstpass.csproj", "{F2D37E68-A971-BF73-D33F-75C5CB3C87D7}"
EndProject
Project("{E06D9046-FAB1-14F4-C51C-BE0D3D006672}") = "ProcGeom", "Assembly-CSharp.csproj", "{083FCD22-2129-8A26-7DC9-1E85DE166DAC}"
EndProject
Project("{E06D9046-FAB1-14F4-C51C-BE0D3D006672}") = "ProcGeom", "Assembly-CSharp-Editor.csproj", "{93AA3479-E5F8-548D-E9EE-6D45ABAE2174}"
EndProject
Global
	GlobalSection(SolutionConfigurationPlatforms) = preSolution
		Debug|Any CPU = Debug|Any CPU
		Release|Any CPU = Release|Any CPU
	EndGlobalSection
	GlobalSection(ProjectConfigurationPlatforms) = postSolution
		{F2D37E68-A971-BF73-D33F-75C5CB3C87D7}.Debug|Any CPU.ActiveCfg = Debug|Any CPU
		{F2D37E68-A971-BF73-D33F-75C5CB3C87D7}.Debug|Any CPU.Build.0 = Debug|Any CPU
		{F2D37E68-A971-BF73-D33F-75C5CB3C87D7}.Release|Any CPU.ActiveCfg = Release|Any CPU
		{F2D37E68-A971-BF73-D33F-75C5CB3C87D7}.Release|Any CPU.Build.0 = Release|Any CPU
		{083FCD22-2129-8A26-7DC9-1E85DE166DAC}.Debug|Any CPU.ActiveCfg = Debug|Any CPU
		{083FCD22-2129-8A26-7DC9-1E85DE166DAC}.Debug|Any CPU.Build.0 = Debug|Any CPU
		{083FCD22-2129-8A26-7DC9-1E85DE166DAC}.Release|Any CPU.ActiveCfg = Release|Any CPU
		{083FCD22-2129-8A26-7DC9-1E85DE166DAC}.Release|Any CPU.Build.0 = Release|Any CPU
		{93AA3479-E5F8-548D-E9EE-6D45ABAE2174}.Debug|Any CPU.ActiveCfg = Debug|Any CPU
		{93AA3479-E5F8-548D-E9EE-6D45ABAE2174}.Debug|Any CPU.Build.0 = Debug|Any CPU
		{93AA3479-E5F8-548D-E9EE-6D45ABAE2174}.Release|Any CPU.ActiveCfg = Release|Any CPU
		{93AA3479-E5F8-548D-E9EE-6D45ABAE2174}.Release|Any CPU.Build.0 = Release|Any CPU
	EndGlobalSection
	GlobalSection(SolutionProperties) = preSolution
		HideSolutionNode = FALSE
	EndGlobalSection
																																																																																																																																																																																																								GlobalSection(MonoDevelopProperties) = preSolution
		StartupItem = Assembly-CSharp.csproj
		Policies = $0
		$0.TextStylePolicy = $1
		$1.inheritsSet = null
		$1.scope = text/x-csharp
		$0.CSharpFormattingPolicy = $2
		$2.inheritsSet = Mono
		$2.inheritsScope = text/x-csharp
		$2.scope = text/x-csharp
		$0.TextStylePolicy = $3
		$3.FileWidth = 120
		$3.TabWidth = 4
		$3.EolMarker = Unix
		$3.inheritsSet = Mono
		$3.inheritsScope = text/plain
		$3.scope = text/plain
	EndGlobalSection
EndGlobal
